
Microsoft Visual Studio Solution File, Format Version 12.00
# Visual Studio 15
VisualStudioVersion = 15.0.26206.0
MinimumVisualStudioVersion = 10.0.40219.1
Project("{FAE04EC0-301F-11D3-BF4B-00C04F79EFBC}") = "ModelsTest", "ModelsTest\ModelsTest.csproj", "{BB070905-BF8A-4283-8DDD-28098C2D4DF6}"
EndProject
Project("{FAE04EC0-301F-11D3-BF4B-00C04F79EFBC}") = "TestContent", "TestContent\TestContent.csproj", "{EB3704C4-32B2-4A2F-B1C6-67A74B8801F5}"
EndProject
Project("{FAE04EC0-301F-11D3-BF4B-00C04F79EFBC}") = "osuElements.NET", "osuElements\osuElements.NET.csproj", "{29A2568E-5EA2-4DE8-BD85-363C636E7947}"
EndProject
Project("{FAE04EC0-301F-11D3-BF4B-00C04F79EFBC}") = "SampleCode", "SampleCode\SampleCode.csproj", "{BFA58815-37E1-482A-B6EA-047B77203BF2}"
EndProject
Project("{FAE04EC0-301F-11D3-BF4B-00C04F79EFBC}") = "TestApp", "TestApp\TestApp.csproj", "{4256498A-C9D9-4695-9A72-9BF28D5DA755}"
EndProject
Project("{FAE04EC0-301F-11D3-BF4B-00C04F79EFBC}") = "osuElements.Standard", "osuElements\osuElements.Standard.csproj", "{CF4DD0E3-874E-4CEC-BC40-1AC0A6A1FB66}"
EndProject
Global
	GlobalSection(SolutionConfigurationPlatforms) = preSolution
		Debug|Any CPU = Debug|Any CPU
		Debug|ARM = Debug|ARM
		Debug|x64 = Debug|x64
		Debug|x86 = Debug|x86
		Release|Any CPU = Release|Any CPU
		Release|ARM = Release|ARM
		Release|x64 = Release|x64
		Release|x86 = Release|x86
	EndGlobalSection
	GlobalSection(ProjectConfigurationPlatforms) = postSolution
		{BB070905-BF8A-4283-8DDD-28098C2D4DF6}.Debug|Any CPU.ActiveCfg = Debug|Any CPU
		{BB070905-BF8A-4283-8DDD-28098C2D4DF6}.Debug|Any CPU.Build.0 = Debug|Any CPU
		{BB070905-BF8A-4283-8DDD-28098C2D4DF6}.Debug|ARM.ActiveCfg = Debug|Any CPU
		{BB070905-BF8A-4283-8DDD-28098C2D4DF6}.Debug|ARM.Build.0 = Debug|Any CPU
		{BB070905-BF8A-4283-8DDD-28098C2D4DF6}.Debug|x64.ActiveCfg = Debug|Any CPU
		{BB070905-BF8A-4283-8DDD-28098C2D4DF6}.Debug|x64.Build.0 = Debug|Any CPU
		{BB070905-BF8A-4283-8DDD-28098C2D4DF6}.Debug|x86.ActiveCfg = Debug|Any CPU
		{BB070905-BF8A-4283-8DDD-28098C2D4DF6}.Debug|x86.Build.0 = Debug|Any CPU
		{BB070905-BF8A-4283-8DDD-28098C2D4DF6}.Release|Any CPU.ActiveCfg = Release|Any CPU
		{BB070905-BF8A-4283-8DDD-28098C2D4DF6}.Release|Any CPU.Build.0 = Release|Any CPU
		{BB070905-BF8A-4283-8DDD-28098C2D4DF6}.Release|ARM.ActiveCfg = Release|Any CPU
		{BB070905-BF8A-4283-8DDD-28098C2D4DF6}.Release|ARM.Build.0 = Release|Any CPU
		{BB070905-BF8A-4283-8DDD-28098C2D4DF6}.Release|x64.ActiveCfg = Release|Any CPU
		{BB070905-BF8A-4283-8DDD-28098C2D4DF6}.Release|x64.Build.0 = Release|Any CPU
		{BB070905-BF8A-4283-8DDD-28098C2D4DF6}.Release|x86.ActiveCfg = Release|Any CPU
		{BB070905-BF8A-4283-8DDD-28098C2D4DF6}.Release|x86.Build.0 = Release|Any CPU
		{EB3704C4-32B2-4A2F-B1C6-67A74B8801F5}.Debug|Any CPU.ActiveCfg = Debug|Any CPU
		{EB3704C4-32B2-4A2F-B1C6-67A74B8801F5}.Debug|Any CPU.Build.0 = Debug|Any CPU
		{EB3704C4-32B2-4A2F-B1C6-67A74B8801F5}.Debug|ARM.ActiveCfg = Debug|Any CPU
		{EB3704C4-32B2-4A2F-B1C6-67A74B8801F5}.Debug|ARM.Build.0 = Debug|Any CPU
		{EB3704C4-32B2-4A2F-B1C6-67A74B8801F5}.Debug|x64.ActiveCfg = Debug|Any CPU
		{EB3704C4-32B2-4A2F-B1C6-67A74B8801F5}.Debug|x64.Build.0 = Debug|Any CPU
		{EB3704C4-32B2-4A2F-B1C6-67A74B8801F5}.Debug|x86.ActiveCfg = Debug|Any CPU
		{EB3704C4-32B2-4A2F-B1C6-67A74B8801F5}.Debug|x86.Build.0 = Debug|Any CPU
		{EB3704C4-32B2-4A2F-B1C6-67A74B8801F5}.Release|Any CPU.ActiveCfg = Release|Any CPU
		{EB3704C4-32B2-4A2F-B1C6-67A74B8801F5}.Release|Any CPU.Build.0 = Release|Any CPU
		{EB3704C4-32B2-4A2F-B1C6-67A74B8801F5}.Release|ARM.ActiveCfg = Release|Any CPU
		{EB3704C4-32B2-4A2F-B1C6-67A74B8801F5}.Release|ARM.Build.0 = Release|Any CPU
		{EB3704C4-32B2-4A2F-B1C6-67A74B8801F5}.Release|x64.ActiveCfg = Release|Any CPU
		{EB3704C4-32B2-4A2F-B1C6-67A74B8801F5}.Release|x64.Build.0 = Release|Any CPU
		{EB3704C4-32B2-4A2F-B1C6-67A74B8801F5}.Release|x86.ActiveCfg = Release|Any CPU
		{EB3704C4-32B2-4A2F-B1C6-67A74B8801F5}.Release|x86.Build.0 = Release|Any CPU
		{29A2568E-5EA2-4DE8-BD85-363C636E7947}.Debug|Any CPU.ActiveCfg = Debug|Any CPU
		{29A2568E-5EA2-4DE8-BD85-363C636E7947}.Debug|Any CPU.Build.0 = Debug|Any CPU
		{29A2568E-5EA2-4DE8-BD85-363C636E7947}.Debug|ARM.ActiveCfg = Debug|Any CPU
		{29A2568E-5EA2-4DE8-BD85-363C636E7947}.Debug|ARM.Build.0 = Debug|Any CPU
		{29A2568E-5EA2-4DE8-BD85-363C636E7947}.Debug|x64.ActiveCfg = Debug|Any CPU
		{29A2568E-5EA2-4DE8-BD85-363C636E7947}.Debug|x64.Build.0 = Debug|Any CPU
		{29A2568E-5EA2-4DE8-BD85-363C636E7947}.Debug|x86.ActiveCfg = Debug|Any CPU
		{29A2568E-5EA2-4DE8-BD85-363C636E7947}.Debug|x86.Build.0 = Debug|Any CPU
		{29A2568E-5EA2-4DE8-BD85-363C636E7947}.Release|Any CPU.ActiveCfg = Release|Any CPU
		{29A2568E-5EA2-4DE8-BD85-363C636E7947}.Release|Any CPU.Build.0 = Release|Any CPU
		{29A2568E-5EA2-4DE8-BD85-363C636E7947}.Release|ARM.ActiveCfg = Release|Any CPU
		{29A2568E-5EA2-4DE8-BD85-363C636E7947}.Release|ARM.Build.0 = Release|Any CPU
		{29A2568E-5EA2-4DE8-BD85-363C636E7947}.Release|x64.ActiveCfg = Release|Any CPU
		{29A2568E-5EA2-4DE8-BD85-363C636E7947}.Release|x64.Build.0 = Release|Any CPU
		{29A2568E-5EA2-4DE8-BD85-363C636E7947}.Release|x86.ActiveCfg = Release|Any CPU
		{29A2568E-5EA2-4DE8-BD85-363C636E7947}.Release|x86.Build.0 = Release|Any CPU
		{BFA58815-37E1-482A-B6EA-047B77203BF2}.Debug|Any CPU.ActiveCfg = Debug|Any CPU
		{BFA58815-37E1-482A-B6EA-047B77203BF2}.Debug|Any CPU.Build.0 = Debug|Any CPU
		{BFA58815-37E1-482A-B6EA-047B77203BF2}.Debug|ARM.ActiveCfg = Debug|Any CPU
		{BFA58815-37E1-482A-B6EA-047B77203BF2}.Debug|ARM.Build.0 = Debug|Any CPU
		{BFA58815-37E1-482A-B6EA-047B77203BF2}.Debug|x64.ActiveCfg = Debug|Any CPU
		{BFA58815-37E1-482A-B6EA-047B77203BF2}.Debug|x64.Build.0 = Debug|Any CPU
		{BFA58815-37E1-482A-B6EA-047B77203BF2}.Debug|x86.ActiveCfg = Debug|Any CPU
		{BFA58815-37E1-482A-B6EA-047B77203BF2}.Debug|x86.Build.0 = Debug|Any CPU
		{BFA58815-37E1-482A-B6EA-047B77203BF2}.Release|Any CPU.ActiveCfg = Release|Any CPU
		{BFA58815-37E1-482A-B6EA-047B77203BF2}.Release|Any CPU.Build.0 = Release|Any CPU
		{BFA58815-37E1-482A-B6EA-047B77203BF2}.Release|ARM.ActiveCfg = Release|Any CPU
		{BFA58815-37E1-482A-B6EA-047B77203BF2}.Release|ARM.Build.0 = Release|Any CPU
		{BFA58815-37E1-482A-B6EA-047B77203BF2}.Release|x64.ActiveCfg = Release|Any CPU
		{BFA58815-37E1-482A-B6EA-047B77203BF2}.Release|x64.Build.0 = Release|Any CPU
		{BFA58815-37E1-482A-B6EA-047B77203BF2}.Release|x86.ActiveCfg = Release|Any CPU
		{BFA58815-37E1-482A-B6EA-047B77203BF2}.Release|x86.Build.0 = Release|Any CPU
		{4256498A-C9D9-4695-9A72-9BF28D5DA755}.Debug|Any CPU.ActiveCfg = Debug|Any CPU
		{4256498A-C9D9-4695-9A72-9BF28D5DA755}.Debug|Any CPU.Build.0 = Debug|Any CPU
		{4256498A-C9D9-4695-9A72-9BF28D5DA755}.Debug|ARM.ActiveCfg = Debug|Any CPU
		{4256498A-C9D9-4695-9A72-9BF28D5DA755}.Debug|ARM.Build.0 = Debug|Any CPU
		{4256498A-C9D9-4695-9A72-9BF28D5DA755}.Debug|x64.ActiveCfg = Debug|Any CPU
		{4256498A-C9D9-4695-9A72-9BF28D5DA755}.Debug|x64.Build.0 = Debug|Any CPU
		{4256498A-C9D9-4695-9A72-9BF28D5DA755}.Debug|x86.ActiveCfg = Debug|Any CPU
		{4256498A-C9D9-4695-9A72-9BF28D5DA755}.Debug|x86.Build.0 = Debug|Any CPU
		{4256498A-C9D9-4695-9A72-9BF28D5DA755}.Release|Any CPU.ActiveCfg = Release|Any CPU
		{4256498A-C9D9-4695-9A72-9BF28D5DA755}.Release|Any CPU.Build.0 = Release|Any CPU
		{4256498A-C9D9-4695-9A72-9BF28D5DA755}.Release|ARM.ActiveCfg = Release|Any CPU
		{4256498A-C9D9-4695-9A72-9BF28D5DA755}.Release|ARM.Build.0 = Release|Any CPU
		{4256498A-C9D9-4695-9A72-9BF28D5DA755}.Release|x64.ActiveCfg = Release|Any CPU
		{4256498A-C9D9-4695-9A72-9BF28D5DA755}.Release|x64.Build.0 = Release|Any CPU
		{4256498A-C9D9-4695-9A72-9BF28D5DA755}.Release|x86.ActiveCfg = Release|Any CPU
		{4256498A-C9D9-4695-9A72-9BF28D5DA755}.Release|x86.Build.0 = Release|Any CPU
		{CF4DD0E3-874E-4CEC-BC40-1AC0A6A1FB66}.Debug|Any CPU.ActiveCfg = Debug|Any CPU
		{CF4DD0E3-874E-4CEC-BC40-1AC0A6A1FB66}.Debug|Any CPU.Build.0 = Debug|Any CPU
		{CF4DD0E3-874E-4CEC-BC40-1AC0A6A1FB66}.Debug|ARM.ActiveCfg = Debug|Any CPU
		{CF4DD0E3-874E-4CEC-BC40-1AC0A6A1FB66}.Debug|ARM.Build.0 = Debug|Any CPU
		{CF4DD0E3-874E-4CEC-BC40-1AC0A6A1FB66}.Debug|x64.ActiveCfg = Debug|Any CPU
		{CF4DD0E3-874E-4CEC-BC40-1AC0A6A1FB66}.Debug|x64.Build.0 = Debug|Any CPU
		{CF4DD0E3-874E-4CEC-BC40-1AC0A6A1FB66}.Debug|x86.ActiveCfg = Debug|Any CPU
		{CF4DD0E3-874E-4CEC-BC40-1AC0A6A1FB66}.Debug|x86.Build.0 = Debug|Any CPU
		{CF4DD0E3-874E-4CEC-BC40-1AC0A6A1FB66}.Release|Any CPU.ActiveCfg = Release|Any CPU
		{CF4DD0E3-874E-4CEC-BC40-1AC0A6A1FB66}.Release|Any CPU.Build.0 = Release|Any CPU
		{CF4DD0E3-874E-4CEC-BC40-1AC0A6A1FB66}.Release|ARM.ActiveCfg = Release|Any CPU
		{CF4DD0E3-874E-4CEC-BC40-1AC0A6A1FB66}.Release|ARM.Build.0 = Release|Any CPU
		{CF4DD0E3-874E-4CEC-BC40-1AC0A6A1FB66}.Release|x64.ActiveCfg = Release|Any CPU
		{CF4DD0E3-874E-4CEC-BC40-1AC0A6A1FB66}.Release|x64.Build.0 = Release|Any CPU
		{CF4DD0E3-874E-4CEC-BC40-1AC0A6A1FB66}.Release|x86.ActiveCfg = Release|Any CPU
		{CF4DD0E3-874E-4CEC-BC40-1AC0A6A1FB66}.Release|x86.Build.0 = Release|Any CPU
	EndGlobalSection
	GlobalSection(SolutionProperties) = preSolution
		HideSolutionNode = FALSE
	EndGlobalSection
	GlobalSection(ExtensibilityGlobals) = postSolution
		SolutionGuid = {50E43FA4-B6D9-40F1-A2E3-526CCC74592B}
	EndGlobalSection
EndGlobal
