
Microsoft Visual Studio Solution File, Format Version 12.00
# Visual Studio 2013
VisualStudioVersion = 12.0.31101.0
MinimumVisualStudioVersion = 10.0.40219.1
Project("{FAE04EC0-301F-11D3-BF4B-00C04F79EFBC}") = "OsuReaderWPF", "OsuReaderWPF\OsuReaderWPF.csproj", "{D54712AD-A7C5-4F69-80D5-7765CC563479}"
EndProject
Global
	GlobalSection(SolutionConfigurationPlatforms) = preSolution
		Debug|Any CPU = Debug|Any CPU
		Release|Any CPU = Release|Any CPU
	EndGlobalSection
	GlobalSection(ProjectConfigurationPlatforms) = postSolution
		{D54712AD-A7C5-4F69-80D5-7765CC563479}.Debug|Any CPU.ActiveCfg = Debug|Any CPU
		{D54712AD-A7C5-4F69-80D5-7765CC563479}.Debug|Any CPU.Build.0 = Debug|Any CPU
		{D54712AD-A7C5-4F69-80D5-7765CC563479}.Release|Any CPU.ActiveCfg = Release|Any CPU
		{D54712AD-A7C5-4F69-80D5-7765CC563479}.Release|Any CPU.Build.0 = Release|Any CPU
	EndGlobalSection
	GlobalSection(SolutionProperties) = preSolution
		HideSolutionNode = FALSE
	EndGlobalSection
EndGlobal
